{
    "name": "elect",
    "version": "1.0.0",
    "lockfileVersion": 3,
    "requires": true,
    "packages": {
        "": {
            "name": "elect",
            "version": "1.0.0",
            "license": "UNLICENSED",
            "devDependencies": {
                "@types/node": "^25.0.3",
                "oxfmt": "^0.22.0",
                "oxlint": "^1.38.0",
                "typescript": "^5.9.3"
            }
        },
        "node_modules/@oxfmt/darwin-arm64": {
            "version": "0.22.0",
            "resolved": "https://registry.npmjs.org/@oxfmt/darwin-arm64/-/darwin-arm64-0.22.0.tgz",
            "integrity": "sha512-dhz2m2uLrHT3MwM+LAdvr97EojJZTwaZ6BuMTRftJzqa9dHYDG/MtSBuDD2DpGpZ0SM2iVwni2wCzCYGKTojbA==",
            "cpu": [
                "arm64"
            ],
            "dev": true,
            "license": "MIT",
            "optional": true,
            "os": [
                "darwin"
            ]
        },
        "node_modules/@oxfmt/darwin-x64": {
            "version": "0.22.0",
            "resolved": "https://registry.npmjs.org/@oxfmt/darwin-x64/-/darwin-x64-0.22.0.tgz",
            "integrity": "sha512-VykUbibvqSOG5YIFUMpHtZVrY1YKDl9Il2SvFemUfR5Ac1t1BFZOnazYe98jtZGFY4sEdEORs0ImBARnyMX/hw==",
            "cpu": [
                "x64"
            ],
            "dev": true,
            "license": "MIT",
            "optional": true,
            "os": [
                "darwin"
            ]
        },
        "node_modules/@oxfmt/linux-arm64-gnu": {
            "version": "0.22.0",
            "resolved": "https://registry.npmjs.org/@oxfmt/linux-arm64-gnu/-/linux-arm64-gnu-0.22.0.tgz",
            "integrity": "sha512-y0MBha/K34TztYAZUn6KQE9xLPLNHqRpOdzRp96fhkbrQTeEXo+jF+8+aV8VnqjG0y7p+IQN4ATxNSstSPO9sA==",
            "cpu": [
                "arm64"
            ],
            "dev": true,
            "license": "MIT",
            "optional": true,
            "os": [
                "linux"
            ]
        },
        "node_modules/@oxfmt/linux-arm64-musl": {
            "version": "0.22.0",
            "resolved": "https://registry.npmjs.org/@oxfmt/linux-arm64-musl/-/linux-arm64-musl-0.22.0.tgz",
            "integrity": "sha512-8a0p2UEmavB+moQ7ID17i+dE7N2xng6lPU8vrrNnnwKde0YpGHdW6hmuH4mS+rrltvs0fjyGRSvCnD2Qm9IAcA==",
            "cpu": [
                "arm64"
            ],
            "dev": true,
            "license": "MIT",
            "optional": true,
            "os": [
                "linux"
            ]
        },
        "node_modules/@oxfmt/linux-x64-gnu": {
            "version": "0.22.0",
            "resolved": "https://registry.npmjs.org/@oxfmt/linux-x64-gnu/-/linux-x64-gnu-0.22.0.tgz",
            "integrity": "sha512-ZA1lS6MLvtGfD9AaDylCSTTiOWVQs1eIl9uqsGYs+Zr8p0mI7QRIRA6juWk9FXn1hHfmYBdBgWu2GdIW0YFCFA==",
            "cpu": [
                "x64"
            ],
            "dev": true,
            "license": "MIT",
            "optional": true,
            "os": [
                "linux"
            ]
        },
        "node_modules/@oxfmt/linux-x64-musl": {
            "version": "0.22.0",
            "resolved": "https://registry.npmjs.org/@oxfmt/linux-x64-musl/-/linux-x64-musl-0.22.0.tgz",
            "integrity": "sha512-J5zFB8T5yk6Jx63rdKuXfcPqR1cAp12nO5/NJfGITH00AML2Yj9JM4dRnmssJomYHKa8dNSr40l6OdxRZN88CQ==",
            "cpu": [
                "x64"
            ],
            "dev": true,
            "license": "MIT",
            "optional": true,
            "os": [
                "linux"
            ]
        },
        "node_modules/@oxfmt/win32-arm64": {
            "version": "0.22.0",
            "resolved": "https://registry.npmjs.org/@oxfmt/win32-arm64/-/win32-arm64-0.22.0.tgz",
            "integrity": "sha512-XYxyIiOf3HqlfETLFKqCHYL88mhw+Ka25vDVgmlcghbJv9BPoVzquZW7P4i0T3D5GWp4LHhZHmMo8BuK8PP5BA==",
            "cpu": [
                "arm64"
            ],
            "dev": true,
            "license": "MIT",
            "optional": true,
            "os": [
                "win32"
            ]
        },
        "node_modules/@oxfmt/win32-x64": {
            "version": "0.22.0",
            "resolved": "https://registry.npmjs.org/@oxfmt/win32-x64/-/win32-x64-0.22.0.tgz",
            "integrity": "sha512-/shfU+wwlXcKP2NkZt+kYCSVom2EEu8MwbENlYCak6LtPPrN5xAQhHuOSFByjDzTBApdQugch0j0ZB/4Wyaljg==",
            "cpu": [
                "x64"
            ],
            "dev": true,
            "license": "MIT",
            "optional": true,
            "os": [
                "win32"
            ]
        },
        "node_modules/@oxlint/darwin-arm64": {
            "version": "1.38.0",
            "resolved": "https://registry.npmjs.org/@oxlint/darwin-arm64/-/darwin-arm64-1.38.0.tgz",
            "integrity": "sha512-9rN3047QTyA4i73FKikDUBdczRcLtOsIwZ5TsEx5Q7jr5nBjolhYQOFQf9QdhBLdInxw1iX4+lgdMCf1g74zjg==",
            "cpu": [
                "arm64"
            ],
            "dev": true,
            "license": "MIT",
            "optional": true,
            "os": [
                "darwin"
            ]
        },
        "node_modules/@oxlint/darwin-x64": {
            "version": "1.38.0",
            "resolved": "https://registry.npmjs.org/@oxlint/darwin-x64/-/darwin-x64-1.38.0.tgz",
            "integrity": "sha512-Y1UHW4KOlg5NvyrSn/bVBQP8/LRuid7Pnu+BWGbAVVsFcK0b565YgMSO3Eu9nU3w8ke91dr7NFpUmS+bVkdkbw==",
            "cpu": [
                "x64"
            ],
            "dev": true,
            "license": "MIT",
            "optional": true,
            "os": [
                "darwin"
            ]
        },
        "node_modules/@oxlint/linux-arm64-gnu": {
            "version": "1.38.0",
            "resolved": "https://registry.npmjs.org/@oxlint/linux-arm64-gnu/-/linux-arm64-gnu-1.38.0.tgz",
            "integrity": "sha512-ZiVxPZizlXSnAMdkEFWX/mAj7U3bNiku8p6I9UgLrXzgGSSAhFobx8CaFGwVoKyWOd+gQgZ/ogCrunvx2k0CFg==",
            "cpu": [
                "arm64"
            ],
            "dev": true,
            "license": "MIT",
            "optional": true,
            "os": [
                "linux"
            ]
        },
        "node_modules/@oxlint/linux-arm64-musl": {
            "version": "1.38.0",
            "resolved": "https://registry.npmjs.org/@oxlint/linux-arm64-musl/-/linux-arm64-musl-1.38.0.tgz",
            "integrity": "sha512-ELtlCIGZ72A65ATZZHFxHMFrkRtY+DYDCKiNKg6v7u5PdeOFey+OlqRXgXtXlxWjCL+g7nivwI2FPVsWqf05Qw==",
            "cpu": [
                "arm64"
            ],
            "dev": true,
            "license": "MIT",
            "optional": true,
            "os": [
                "linux"
            ]
        },
        "node_modules/@oxlint/linux-x64-gnu": {
            "version": "1.38.0",
            "resolved": "https://registry.npmjs.org/@oxlint/linux-x64-gnu/-/linux-x64-gnu-1.38.0.tgz",
            "integrity": "sha512-E1OcDh30qyng1m0EIlsOuapYkqk5QB6o6IMBjvDKqIoo6IrjlVAasoJfS/CmSH998gXRL3BcAJa6Qg9IxPFZnQ==",
            "cpu": [
                "x64"
            ],
            "dev": true,
            "license": "MIT",
            "optional": true,
            "os": [
                "linux"
            ]
        },
        "node_modules/@oxlint/linux-x64-musl": {
            "version": "1.38.0",
            "resolved": "https://registry.npmjs.org/@oxlint/linux-x64-musl/-/linux-x64-musl-1.38.0.tgz",
            "integrity": "sha512-4AfpbM/4sQnr6S1dMijEPfsq4stQbN5vJ2jsahSy/QTcvIVbFkgY+RIhrA5UWlC6eb0rD5CdaPQoKGMJGeXpYw==",
            "cpu": [
                "x64"
            ],
            "dev": true,
            "license": "MIT",
            "optional": true,
            "os": [
                "linux"
            ]
        },
        "node_modules/@oxlint/win32-arm64": {
            "version": "1.38.0",
            "resolved": "https://registry.npmjs.org/@oxlint/win32-arm64/-/win32-arm64-1.38.0.tgz",
            "integrity": "sha512-OvUVYdI68OwXh3d1RjH9N/okCxb6PrOGtEtzXyqGA7Gk+IxyZcX0/QCTBwV8FNbSSzDePSSEHOKpoIB+VXdtvg==",
            "cpu": [
                "arm64"
            ],
            "dev": true,
            "license": "MIT",
            "optional": true,
            "os": [
                "win32"
            ]
        },
        "node_modules/@oxlint/win32-x64": {
            "version": "1.38.0",
            "resolved": "https://registry.npmjs.org/@oxlint/win32-x64/-/win32-x64-1.38.0.tgz",
            "integrity": "sha512-7IuZMYiZiOcgg5zHvpJY6jRlEwh8EB/uq7GsoQJO9hANq96TIjyntGByhIjFSsL4asyZmhTEki+MO/u5Fb/WQA==",
            "cpu": [
                "x64"
            ],
            "dev": true,
            "license": "MIT",
            "optional": true,
            "os": [
                "win32"
            ]
        },
        "node_modules/@types/node": {
            "version": "25.0.3",
            "resolved": "https://registry.npmjs.org/@types/node/-/node-25.0.3.tgz",
            "integrity": "sha512-W609buLVRVmeW693xKfzHeIV6nJGGz98uCPfeXI1ELMLXVeKYZ9m15fAMSaUPBHYLGFsVRcMmSCksQOrZV9BYA==",
            "dev": true,
            "license": "MIT",
            "dependencies": {
                "undici-types": "~7.16.0"
            }
        },
        "node_modules/oxfmt": {
            "version": "0.22.0",
            "resolved": "https://registry.npmjs.org/oxfmt/-/oxfmt-0.22.0.tgz",
            "integrity": "sha512-Z7JM5yv4KaDz5kT21MxRAvtYo5Eu9Ti/XY1JYShSOlaH859XSn4UaS3wlZKyz4Mpbo8ISkxhU75UY5yp+OQUyA==",
            "dev": true,
            "license": "MIT",
            "dependencies": {
                "tinypool": "2.0.0"
            },
            "bin": {
                "oxfmt": "bin/oxfmt"
            },
            "engines": {
                "node": "^20.19.0 || >=22.12.0"
            },
            "funding": {
                "url": "https://github.com/sponsors/Boshen"
            },
            "optionalDependencies": {
                "@oxfmt/darwin-arm64": "0.22.0",
                "@oxfmt/darwin-x64": "0.22.0",
                "@oxfmt/linux-arm64-gnu": "0.22.0",
                "@oxfmt/linux-arm64-musl": "0.22.0",
                "@oxfmt/linux-x64-gnu": "0.22.0",
                "@oxfmt/linux-x64-musl": "0.22.0",
                "@oxfmt/win32-arm64": "0.22.0",
                "@oxfmt/win32-x64": "0.22.0"
            }
        },
        "node_modules/oxlint": {
            "version": "1.38.0",
            "resolved": "https://registry.npmjs.org/oxlint/-/oxlint-1.38.0.tgz",
            "integrity": "sha512-XT7tBinQS+hVLxtfJOnokJ9qVBiQvZqng40tDgR6qEJMRMnpVq/JwYfbYyGntSq8MO+Y+N9M1NG4bAMFUtCJiw==",
            "dev": true,
            "license": "MIT",
            "bin": {
                "oxlint": "bin/oxlint"
            },
            "engines": {
                "node": "^20.19.0 || >=22.12.0"
            },
            "funding": {
                "url": "https://github.com/sponsors/Boshen"
            },
            "optionalDependencies": {
                "@oxlint/darwin-arm64": "1.38.0",
                "@oxlint/darwin-x64": "1.38.0",
                "@oxlint/linux-arm64-gnu": "1.38.0",
                "@oxlint/linux-arm64-musl": "1.38.0",
                "@oxlint/linux-x64-gnu": "1.38.0",
                "@oxlint/linux-x64-musl": "1.38.0",
                "@oxlint/win32-arm64": "1.38.0",
                "@oxlint/win32-x64": "1.38.0"
            },
            "peerDependencies": {
                "oxlint-tsgolint": ">=0.10.0"
            },
            "peerDependenciesMeta": {
                "oxlint-tsgolint": {
                    "optional": true
                }
            }
        },
        "node_modules/tinypool": {
            "version": "2.0.0",
            "resolved": "https://registry.npmjs.org/tinypool/-/tinypool-2.0.0.tgz",
            "integrity": "sha512-/RX9RzeH2xU5ADE7n2Ykvmi9ED3FBGPAjw9u3zucrNNaEBIO0HPSYgL0NT7+3p147ojeSdaVu08F6hjpv31HJg==",
            "dev": true,
            "license": "MIT",
            "engines": {
                "node": "^20.0.0 || >=22.0.0"
            }
        },
        "node_modules/typescript": {
            "version": "5.9.3",
            "resolved": "https://registry.npmjs.org/typescript/-/typescript-5.9.3.tgz",
            "integrity": "sha512-jl1vZzPDinLr9eUt3J/t7V6FgNEw9QjvBPdysz9KfQDD41fQrC2Y4vKQdiaUpFT4bXlb1RHhLpp8wtm6M5TgSw==",
            "dev": true,
            "license": "Apache-2.0",
            "bin": {
                "tsc": "bin/tsc",
                "tsserver": "bin/tsserver"
            },
            "engines": {
                "node": ">=14.17"
            }
        },
        "node_modules/undici-types": {
            "version": "7.16.0",
            "resolved": "https://registry.npmjs.org/undici-types/-/undici-types-7.16.0.tgz",
            "integrity": "sha512-Zz+aZWSj8LE6zoxD+xrjh4VfkIG8Ya6LvYkZqtUQGJPZjYl53ypCaUwWqo7eI0x66KBGeRo+mlBEkMSeSZ38Nw==",
            "dev": true,
            "license": "MIT"
        }
    }
}
